
Microsoft Visual Studio Solution File, Format Version 12.00
# Visual Studio Version 17
VisualStudioVersion = 17.14.36408.4
MinimumVisualStudioVersion = 10.0.40219.1
Project("{2150E333-8FDC-42A3-9474-1A3956D46DE8}") = "ApiGateways", "ApiGateways", "{02EA681E-C7D8-13C7-8484-4AC65E1B71E8}"
EndProject
Project("{2150E333-8FDC-42A3-9474-1A3956D46DE8}") = "FrontendServices", "FrontendServices", "{D9B9E59C-0D9A-4952-AE5C-EF16A0CAED2D}"
EndProject
Project("{2150E333-8FDC-42A3-9474-1A3956D46DE8}") = "BackendServices", "BackendServices", "{48363268-2796-495E-AC4E-BA756344279E}"
EndProject
Project("{2150E333-8FDC-42A3-9474-1A3956D46DE8}") = "CatalogService", "CatalogService", "{EA4DEDE0-8375-4467-B4F4-42EB3F469B8B}"
EndProject
Project("{FAE04EC0-301F-11D3-BF4B-00C04F79EFBC}") = "CatalogService.Domain", "BackendServices\CatalogService\CatalogService.Domain\CatalogService.Domain.csproj", "{9E8071AB-C5BC-4427-B8BB-33801EEEFC23}"
EndProject
Project("{FAE04EC0-301F-11D3-BF4B-00C04F79EFBC}") = "CatalogService.Application", "BackendServices\CatalogService\CatalogService.Application\CatalogService.Application.csproj", "{C4EB1494-A054-423C-8A5D-29ACC6B0E7F1}"
EndProject
Project("{FAE04EC0-301F-11D3-BF4B-00C04F79EFBC}") = "CatalogService.Infrastructure", "BackendServices\CatalogService\CatalogService.Infrastructure\CatalogService.Infrastructure.csproj", "{6BE243E8-8640-44B4-8178-71B16CE5A831}"
EndProject
Project("{FAE04EC0-301F-11D3-BF4B-00C04F79EFBC}") = "CatalogService.API", "BackendServices\CatalogService\CatalogService.API\CatalogService.API.csproj", "{3E8FF1A1-3BC3-4860-A959-C2B7DF98F0B6}"
EndProject
Project("{FAE04EC0-301F-11D3-BF4B-00C04F79EFBC}") = "OcelotApiGateway", "ApiGateways\OcelotApiGateway\OcelotApiGateway.csproj", "{7341DF40-7468-4EB6-AB12-630AB512471D}"
EndProject
Project("{FAE04EC0-301F-11D3-BF4B-00C04F79EFBC}") = "eShopFlix.Web", "FrontendServices\eShopFlix.Web\eShopFlix.Web.csproj", "{B22EA902-3E1A-4988-A484-EFA65DF03DAF}"
EndProject
Project("{FAE04EC0-301F-11D3-BF4B-00C04F79EFBC}") = "eShopFlix.Support", "FrontendServices\eShopFlix.Support\eShopFlix.Support.csproj", "{65BDCB6C-78F9-499B-BDD1-F023B247B80B}"
EndProject
Project("{2150E333-8FDC-42A3-9474-1A3956D46DE8}") = "AuthService", "AuthService", "{792B60F1-2383-499C-8886-CF3BBC503F45}"
EndProject
Project("{FAE04EC0-301F-11D3-BF4B-00C04F79EFBC}") = "AuthService.Domain", "BackendServices\AuthService\AuthService.Domain\AuthService.Domain.csproj", "{B782491F-4419-40A6-81B8-4B7C136FE656}"
EndProject
Project("{FAE04EC0-301F-11D3-BF4B-00C04F79EFBC}") = "AuthService.Application", "BackendServices\AuthService\AuthService.Application\AuthService.Application.csproj", "{5F42B86C-8B15-47FC-A35E-DE2599A03C20}"
EndProject
Project("{FAE04EC0-301F-11D3-BF4B-00C04F79EFBC}") = "AuthService.Infrastructure", "BackendServices\AuthService\AuthService.Infrastructure\AuthService.Infrastructure.csproj", "{D0B9CA2E-C15B-49EF-89DB-652024618B5E}"
EndProject
Project("{FAE04EC0-301F-11D3-BF4B-00C04F79EFBC}") = "AuthService.API", "BackendServices\AuthService\AuthService.API\AuthService.API.csproj", "{6FECDADF-4A92-4565-843E-0FFD9CE6048D}"
EndProject
Global
	GlobalSection(SolutionConfigurationPlatforms) = preSolution
		Debug|Any CPU = Debug|Any CPU
		Release|Any CPU = Release|Any CPU
	EndGlobalSection
	GlobalSection(ProjectConfigurationPlatforms) = postSolution
		{9E8071AB-C5BC-4427-B8BB-33801EEEFC23}.Debug|Any CPU.ActiveCfg = Debug|Any CPU
		{9E8071AB-C5BC-4427-B8BB-33801EEEFC23}.Debug|Any CPU.Build.0 = Debug|Any CPU
		{9E8071AB-C5BC-4427-B8BB-33801EEEFC23}.Release|Any CPU.ActiveCfg = Release|Any CPU
		{9E8071AB-C5BC-4427-B8BB-33801EEEFC23}.Release|Any CPU.Build.0 = Release|Any CPU
		{C4EB1494-A054-423C-8A5D-29ACC6B0E7F1}.Debug|Any CPU.ActiveCfg = Debug|Any CPU
		{C4EB1494-A054-423C-8A5D-29ACC6B0E7F1}.Debug|Any CPU.Build.0 = Debug|Any CPU
		{C4EB1494-A054-423C-8A5D-29ACC6B0E7F1}.Release|Any CPU.ActiveCfg = Release|Any CPU
		{C4EB1494-A054-423C-8A5D-29ACC6B0E7F1}.Release|Any CPU.Build.0 = Release|Any CPU
		{6BE243E8-8640-44B4-8178-71B16CE5A831}.Debug|Any CPU.ActiveCfg = Debug|Any CPU
		{6BE243E8-8640-44B4-8178-71B16CE5A831}.Debug|Any CPU.Build.0 = Debug|Any CPU
		{6BE243E8-8640-44B4-8178-71B16CE5A831}.Release|Any CPU.ActiveCfg = Release|Any CPU
		{6BE243E8-8640-44B4-8178-71B16CE5A831}.Release|Any CPU.Build.0 = Release|Any CPU
		{3E8FF1A1-3BC3-4860-A959-C2B7DF98F0B6}.Debug|Any CPU.ActiveCfg = Debug|Any CPU
		{3E8FF1A1-3BC3-4860-A959-C2B7DF98F0B6}.Debug|Any CPU.Build.0 = Debug|Any CPU
		{3E8FF1A1-3BC3-4860-A959-C2B7DF98F0B6}.Release|Any CPU.ActiveCfg = Release|Any CPU
		{3E8FF1A1-3BC3-4860-A959-C2B7DF98F0B6}.Release|Any CPU.Build.0 = Release|Any CPU
		{7341DF40-7468-4EB6-AB12-630AB512471D}.Debug|Any CPU.ActiveCfg = Debug|Any CPU
		{7341DF40-7468-4EB6-AB12-630AB512471D}.Debug|Any CPU.Build.0 = Debug|Any CPU
		{7341DF40-7468-4EB6-AB12-630AB512471D}.Release|Any CPU.ActiveCfg = Release|Any CPU
		{7341DF40-7468-4EB6-AB12-630AB512471D}.Release|Any CPU.Build.0 = Release|Any CPU
		{B22EA902-3E1A-4988-A484-EFA65DF03DAF}.Debug|Any CPU.ActiveCfg = Debug|Any CPU
		{B22EA902-3E1A-4988-A484-EFA65DF03DAF}.Debug|Any CPU.Build.0 = Debug|Any CPU
		{B22EA902-3E1A-4988-A484-EFA65DF03DAF}.Release|Any CPU.ActiveCfg = Release|Any CPU
		{B22EA902-3E1A-4988-A484-EFA65DF03DAF}.Release|Any CPU.Build.0 = Release|Any CPU
		{65BDCB6C-78F9-499B-BDD1-F023B247B80B}.Debug|Any CPU.ActiveCfg = Debug|Any CPU
		{65BDCB6C-78F9-499B-BDD1-F023B247B80B}.Debug|Any CPU.Build.0 = Debug|Any CPU
		{65BDCB6C-78F9-499B-BDD1-F023B247B80B}.Release|Any CPU.ActiveCfg = Release|Any CPU
		{65BDCB6C-78F9-499B-BDD1-F023B247B80B}.Release|Any CPU.Build.0 = Release|Any CPU
		{B782491F-4419-40A6-81B8-4B7C136FE656}.Debug|Any CPU.ActiveCfg = Debug|Any CPU
		{B782491F-4419-40A6-81B8-4B7C136FE656}.Debug|Any CPU.Build.0 = Debug|Any CPU
		{B782491F-4419-40A6-81B8-4B7C136FE656}.Release|Any CPU.ActiveCfg = Release|Any CPU
		{B782491F-4419-40A6-81B8-4B7C136FE656}.Release|Any CPU.Build.0 = Release|Any CPU
		{5F42B86C-8B15-47FC-A35E-DE2599A03C20}.Debug|Any CPU.ActiveCfg = Debug|Any CPU
		{5F42B86C-8B15-47FC-A35E-DE2599A03C20}.Debug|Any CPU.Build.0 = Debug|Any CPU
		{5F42B86C-8B15-47FC-A35E-DE2599A03C20}.Release|Any CPU.ActiveCfg = Release|Any CPU
		{5F42B86C-8B15-47FC-A35E-DE2599A03C20}.Release|Any CPU.Build.0 = Release|Any CPU
		{D0B9CA2E-C15B-49EF-89DB-652024618B5E}.Debug|Any CPU.ActiveCfg = Debug|Any CPU
		{D0B9CA2E-C15B-49EF-89DB-652024618B5E}.Debug|Any CPU.Build.0 = Debug|Any CPU
		{D0B9CA2E-C15B-49EF-89DB-652024618B5E}.Release|Any CPU.ActiveCfg = Release|Any CPU
		{D0B9CA2E-C15B-49EF-89DB-652024618B5E}.Release|Any CPU.Build.0 = Release|Any CPU
		{6FECDADF-4A92-4565-843E-0FFD9CE6048D}.Debug|Any CPU.ActiveCfg = Debug|Any CPU
		{6FECDADF-4A92-4565-843E-0FFD9CE6048D}.Debug|Any CPU.Build.0 = Debug|Any CPU
		{6FECDADF-4A92-4565-843E-0FFD9CE6048D}.Release|Any CPU.ActiveCfg = Release|Any CPU
		{6FECDADF-4A92-4565-843E-0FFD9CE6048D}.Release|Any CPU.Build.0 = Release|Any CPU
	EndGlobalSection
	GlobalSection(SolutionProperties) = preSolution
		HideSolutionNode = FALSE
	EndGlobalSection
	GlobalSection(NestedProjects) = preSolution
		{EA4DEDE0-8375-4467-B4F4-42EB3F469B8B} = {48363268-2796-495E-AC4E-BA756344279E}
		{9E8071AB-C5BC-4427-B8BB-33801EEEFC23} = {EA4DEDE0-8375-4467-B4F4-42EB3F469B8B}
		{C4EB1494-A054-423C-8A5D-29ACC6B0E7F1} = {EA4DEDE0-8375-4467-B4F4-42EB3F469B8B}
		{6BE243E8-8640-44B4-8178-71B16CE5A831} = {EA4DEDE0-8375-4467-B4F4-42EB3F469B8B}
		{3E8FF1A1-3BC3-4860-A959-C2B7DF98F0B6} = {EA4DEDE0-8375-4467-B4F4-42EB3F469B8B}
		{7341DF40-7468-4EB6-AB12-630AB512471D} = {02EA681E-C7D8-13C7-8484-4AC65E1B71E8}
		{B22EA902-3E1A-4988-A484-EFA65DF03DAF} = {D9B9E59C-0D9A-4952-AE5C-EF16A0CAED2D}
		{65BDCB6C-78F9-499B-BDD1-F023B247B80B} = {D9B9E59C-0D9A-4952-AE5C-EF16A0CAED2D}
		{792B60F1-2383-499C-8886-CF3BBC503F45} = {48363268-2796-495E-AC4E-BA756344279E}
		{B782491F-4419-40A6-81B8-4B7C136FE656} = {792B60F1-2383-499C-8886-CF3BBC503F45}
		{5F42B86C-8B15-47FC-A35E-DE2599A03C20} = {792B60F1-2383-499C-8886-CF3BBC503F45}
		{D0B9CA2E-C15B-49EF-89DB-652024618B5E} = {792B60F1-2383-499C-8886-CF3BBC503F45}
		{6FECDADF-4A92-4565-843E-0FFD9CE6048D} = {792B60F1-2383-499C-8886-CF3BBC503F45}
	EndGlobalSection
	GlobalSection(ExtensibilityGlobals) = postSolution
		SolutionGuid = {59138E75-3939-4D2C-8207-4EFC3B2A4B18}
	EndGlobalSection
EndGlobal
